
Microsoft Visual Studio Solution File, Format Version 12.00
# Visual Studio Version 17
VisualStudioVersion = 17.9.34728.123
MinimumVisualStudioVersion = 10.0.40219.1
Project("{9A19103F-16F7-4668-BE54-9A1E7A4F7556}") = "WeaponShufflePlugin", "WeaponShufflePlugin.csproj", "{50EF6DB7-02FC-4FF5-83BA-82FE490B5950}"
EndProject
Global
	GlobalSection(SolutionConfigurationPlatforms) = preSolution
		Debug|Any CPU = Debug|Any CPU
		Release|Any CPU = Release|Any CPU
	EndGlobalSection
	GlobalSection(ProjectConfigurationPlatforms) = postSolution
		{50EF6DB7-02FC-4FF5-83BA-82FE490B5950}.Debug|Any CPU.ActiveCfg = Debug|Any CPU
		{50EF6DB7-02FC-4FF5-83BA-82FE490B5950}.Debug|Any CPU.Build.0 = Debug|Any CPU
		{50EF6DB7-02FC-4FF5-83BA-82FE490B5950}.Release|Any CPU.ActiveCfg = Release|Any CPU
		{50EF6DB7-02FC-4FF5-83BA-82FE490B5950}.Release|Any CPU.Build.0 = Release|Any CPU
	EndGlobalSection
	GlobalSection(SolutionProperties) = preSolution
		HideSolutionNode = FALSE
	EndGlobalSection
	GlobalSection(ExtensibilityGlobals) = postSolution
		SolutionGuid = {2063D1C4-C5B4-46EF-82A8-87135A71672D}
	EndGlobalSection
EndGlobal
